// !$*UTF8*$!
{
	archiveVersion = 1;
	classes = {
	};
	objectVersion = 48;
	objects = {

/* Begin PBXBuildFile section */
		2D45FCCB64315B737ADA922F /* Pods_DemoAppUITests.framework in Frameworks */ = {isa = PBXBuildFile; fileRef = F7B607505E8363A9B641903D /* Pods_DemoAppUITests.framework */; };
		904433E7DEDAC2CF53D5A4AB /* Pods_DemoApp.framework in Frameworks */ = {isa = PBXBuildFile; fileRef = 84320D9D67E6387707E7FDB4 /* Pods_DemoApp.framework */; };
		CD4EEC4D203C868D00F61509 /* Serie.swift in Sources */ = {isa = PBXBuildFile; fileRef = CD4EEC4C203C868D00F61509 /* Serie.swift */; };
		CD4EEC50203C8BC300F61509 /* StringFormatter.swift in Sources */ = {isa = PBXBuildFile; fileRef = CD4EEC4F203C8BC300F61509 /* StringFormatter.swift */; };
		CD74649C202DCCDB0095CBC4 /* LightCharts.framework in Frameworks */ = {isa = PBXBuildFile; fileRef = CD746492202DCCDA0095CBC4 /* LightCharts.framework */; };
		CD7464A1202DCCDB0095CBC4 /* LightChartsTests.swift in Sources */ = {isa = PBXBuildFile; fileRef = CD7464A0202DCCDB0095CBC4 /* LightChartsTests.swift */; };
		CD7464A3202DCCDB0095CBC4 /* LightCharts.h in Headers */ = {isa = PBXBuildFile; fileRef = CD746495202DCCDA0095CBC4 /* LightCharts.h */; settings = {ATTRIBUTES = (Public, ); }; };
		CD7464B3202DCD180095CBC4 /* AppDelegate.swift in Sources */ = {isa = PBXBuildFile; fileRef = CD7464B2202DCD180095CBC4 /* AppDelegate.swift */; };
		CD7464B5202DCD190095CBC4 /* ViewController.swift in Sources */ = {isa = PBXBuildFile; fileRef = CD7464B4202DCD190095CBC4 /* ViewController.swift */; };
		CD7464B8202DCD190095CBC4 /* Main.storyboard in Resources */ = {isa = PBXBuildFile; fileRef = CD7464B6202DCD190095CBC4 /* Main.storyboard */; };
		CD7464BA202DCD190095CBC4 /* Assets.xcassets in Resources */ = {isa = PBXBuildFile; fileRef = CD7464B9202DCD190095CBC4 /* Assets.xcassets */; };
		CD7464BD202DCD190095CBC4 /* LaunchScreen.storyboard in Resources */ = {isa = PBXBuildFile; fileRef = CD7464BB202DCD190095CBC4 /* LaunchScreen.storyboard */; };
		CD7464C8202DCD190095CBC4 /* DemoAppTests.swift in Sources */ = {isa = PBXBuildFile; fileRef = CD7464C7202DCD190095CBC4 /* DemoAppTests.swift */; };
		CD7464D3202DCD190095CBC4 /* DemoAppUITests.swift in Sources */ = {isa = PBXBuildFile; fileRef = CD7464D2202DCD190095CBC4 /* DemoAppUITests.swift */; };
		CD83E24B20407EE5005BA31D /* IntegerFormat.swift in Sources */ = {isa = PBXBuildFile; fileRef = CD83E24A20407EE5005BA31D /* IntegerFormat.swift */; };
		CD86B4042037512D0040D73B /* LightCharts.framework in Frameworks */ = {isa = PBXBuildFile; fileRef = CD746492202DCCDA0095CBC4 /* LightCharts.framework */; };
		CD86B4052037512D0040D73B /* LightCharts.framework in Embed Frameworks */ = {isa = PBXBuildFile; fileRef = CD746492202DCCDA0095CBC4 /* LightCharts.framework */; settings = {ATTRIBUTES = (CodeSignOnCopy, RemoveHeadersOnCopy, ); }; };
		CD86B40A20375E170040D73B /* StringFormatter.swift in Sources */ = {isa = PBXBuildFile; fileRef = CD86B40920375E170040D73B /* StringFormatter.swift */; };
		CD9D35CC202E03B300FB149A /* LightCharts.swift in Sources */ = {isa = PBXBuildFile; fileRef = CD9D35CB202E03B300FB149A /* LightCharts.swift */; };
		CDB9E5EB20488BDA0014A230 /* BalloonMarker.swift in Sources */ = {isa = PBXBuildFile; fileRef = CDB9E5EA20488BDA0014A230 /* BalloonMarker.swift */; };
		CDC19D16203F3CA200C65E53 /* LightCharts_Bar.swift in Sources */ = {isa = PBXBuildFile; fileRef = CDC19D15203F3CA200C65E53 /* LightCharts_Bar.swift */; };
		CDC19D18203F3D4E00C65E53 /* LightCharts_Line.swift in Sources */ = {isa = PBXBuildFile; fileRef = CDC19D17203F3D4E00C65E53 /* LightCharts_Line.swift */; };
		CDC19D1A203F3D7000C65E53 /* LightCharts_Pie.swift in Sources */ = {isa = PBXBuildFile; fileRef = CDC19D19203F3D7000C65E53 /* LightCharts_Pie.swift */; };
		CDC19D1C203F3D9300C65E53 /* LightCharts_Radar.swift in Sources */ = {isa = PBXBuildFile; fileRef = CDC19D1B203F3D9300C65E53 /* LightCharts_Radar.swift */; };
		CDC19D22203F4FA600C65E53 /* TimeStampFormatter.swift in Sources */ = {isa = PBXBuildFile; fileRef = CDC19D21203F4FA600C65E53 /* TimeStampFormatter.swift */; };
		CDEADB4C203DEDDA003A17AC /* ChartBarConfig.swift in Sources */ = {isa = PBXBuildFile; fileRef = CDEADB4B203DEDDA003A17AC /* ChartBarConfig.swift */; };
		CE97BE2AF3497118EAA2E365 /* Pods_DemoAppTests.framework in Frameworks */ = {isa = PBXBuildFile; fileRef = AB01041BE20FD2827BBD9D94 /* Pods_DemoAppTests.framework */; };
		D6DE48B6CBCFD29B7C231E9A /* Pods_LightCharts.framework in Frameworks */ = {isa = PBXBuildFile; fileRef = CD4A2471203495A1000B5905 /* Pods_LightCharts.framework */; };
		EB4EDB4627FF82EBB79CF167 /* Pods_LightChartsTests.framework in Frameworks */ = {isa = PBXBuildFile; fileRef = 53EF100C1AC7ED0ADB463AC6 /* Pods_LightChartsTests.framework */; };
/* End PBXBuildFile section */

/* Begin PBXContainerItemProxy section */
		CD74649D202DCCDB0095CBC4 /* PBXContainerItemProxy */ = {
			isa = PBXContainerItemProxy;
			containerPortal = CD746489202DCCDA0095CBC4 /* Project object */;
			proxyType = 1;
			remoteGlobalIDString = CD746491202DCCDA0095CBC4;
			remoteInfo = LightCharts;
		};
		CD7464C4202DCD190095CBC4 /* PBXContainerItemProxy */ = {
			isa = PBXContainerItemProxy;
			containerPortal = CD746489202DCCDA0095CBC4 /* Project object */;
			proxyType = 1;
			remoteGlobalIDString = CD7464AF202DCD180095CBC4;
			remoteInfo = DemoApp;
		};
		CD7464CF202DCD190095CBC4 /* PBXContainerItemProxy */ = {
			isa = PBXContainerItemProxy;
			containerPortal = CD746489202DCCDA0095CBC4 /* Project object */;
			proxyType = 1;
			remoteGlobalIDString = CD7464AF202DCD180095CBC4;
			remoteInfo = DemoApp;
		};
		CD86B4062037512D0040D73B /* PBXContainerItemProxy */ = {
			isa = PBXContainerItemProxy;
			containerPortal = CD746489202DCCDA0095CBC4 /* Project object */;
			proxyType = 1;
			remoteGlobalIDString = CD746491202DCCDA0095CBC4;
			remoteInfo = LightCharts;
		};
/* End PBXContainerItemProxy section */

/* Begin PBXCopyFilesBuildPhase section */
		CD86B4082037512E0040D73B /* Embed Frameworks */ = {
			isa = PBXCopyFilesBuildPhase;
			buildActionMask = 2147483647;
			dstPath = "";
			dstSubfolderSpec = 10;
			files = (
				CD86B4052037512D0040D73B /* LightCharts.framework in Embed Frameworks */,
			);
			name = "Embed Frameworks";
			runOnlyForDeploymentPostprocessing = 0;
		};
/* End PBXCopyFilesBuildPhase section */

/* Begin PBXFileReference section */
		005F980FFADDEE37FA84B28D /* Pods-LightCharts.release.xcconfig */ = {isa = PBXFileReference; includeInIndex = 1; lastKnownFileType = text.xcconfig; name = "Pods-LightCharts.release.xcconfig"; path = "Pods/Target Support Files/Pods-LightCharts/Pods-LightCharts.release.xcconfig"; sourceTree = "<group>"; };
		068289A77DB43FBF063EFCA4 /* Pods-DemoApp.debug.xcconfig */ = {isa = PBXFileReference; includeInIndex = 1; lastKnownFileType = text.xcconfig; name = "Pods-DemoApp.debug.xcconfig"; path = "Pods/Target Support Files/Pods-DemoApp/Pods-DemoApp.debug.xcconfig"; sourceTree = "<group>"; };
		2FE2943C33AAA5685950877B /* Pods-DemoAppUITests.release.xcconfig */ = {isa = PBXFileReference; includeInIndex = 1; lastKnownFileType = text.xcconfig; name = "Pods-DemoAppUITests.release.xcconfig"; path = "Pods/Target Support Files/Pods-DemoAppUITests/Pods-DemoAppUITests.release.xcconfig"; sourceTree = "<group>"; };
		53EF100C1AC7ED0ADB463AC6 /* Pods_LightChartsTests.framework */ = {isa = PBXFileReference; explicitFileType = wrapper.framework; includeInIndex = 0; path = Pods_LightChartsTests.framework; sourceTree = BUILT_PRODUCTS_DIR; };
		64644FCA31B9152E12918CB2 /* Pods_LightCharts.framework */ = {isa = PBXFileReference; explicitFileType = wrapper.framework; includeInIndex = 0; path = Pods_LightCharts.framework; sourceTree = BUILT_PRODUCTS_DIR; };
		75187927EA4A314BA747F8DE /* Pods-DemoAppUITests.debug.xcconfig */ = {isa = PBXFileReference; includeInIndex = 1; lastKnownFileType = text.xcconfig; name = "Pods-DemoAppUITests.debug.xcconfig"; path = "Pods/Target Support Files/Pods-DemoAppUITests/Pods-DemoAppUITests.debug.xcconfig"; sourceTree = "<group>"; };
		84320D9D67E6387707E7FDB4 /* Pods_DemoApp.framework */ = {isa = PBXFileReference; explicitFileType = wrapper.framework; includeInIndex = 0; path = Pods_DemoApp.framework; sourceTree = BUILT_PRODUCTS_DIR; };
		8D46EAFF9D04A463C497D7C6 /* Pods-DemoApp.release.xcconfig */ = {isa = PBXFileReference; includeInIndex = 1; lastKnownFileType = text.xcconfig; name = "Pods-DemoApp.release.xcconfig"; path = "Pods/Target Support Files/Pods-DemoApp/Pods-DemoApp.release.xcconfig"; sourceTree = "<group>"; };
		A4865DAE6A705D28E660DDCA /* Pods-DemoAppTests.debug.xcconfig */ = {isa = PBXFileReference; includeInIndex = 1; lastKnownFileType = text.xcconfig; name = "Pods-DemoAppTests.debug.xcconfig"; path = "Pods/Target Support Files/Pods-DemoAppTests/Pods-DemoAppTests.debug.xcconfig"; sourceTree = "<group>"; };
		AB01041BE20FD2827BBD9D94 /* Pods_DemoAppTests.framework */ = {isa = PBXFileReference; explicitFileType = wrapper.framework; includeInIndex = 0; path = Pods_DemoAppTests.framework; sourceTree = BUILT_PRODUCTS_DIR; };
		CD4A246D203494AF000B5905 /* Pods_LightCharts.framework */ = {isa = PBXFileReference; explicitFileType = wrapper.framework; path = Pods_LightCharts.framework; sourceTree = BUILT_PRODUCTS_DIR; };
		CD4A246F203494D4000B5905 /* Charts.framework */ = {isa = PBXFileReference; explicitFileType = wrapper.framework; path = Charts.framework; sourceTree = BUILT_PRODUCTS_DIR; };
		CD4A2471203495A1000B5905 /* Pods_LightCharts.framework */ = {isa = PBXFileReference; explicitFileType = wrapper.framework; path = Pods_LightCharts.framework; sourceTree = BUILT_PRODUCTS_DIR; };
		CD4EEC4C203C868D00F61509 /* Serie.swift */ = {isa = PBXFileReference; lastKnownFileType = sourcecode.swift; path = Serie.swift; sourceTree = "<group>"; };
		CD4EEC4F203C8BC300F61509 /* StringFormatter.swift */ = {isa = PBXFileReference; lastKnownFileType = sourcecode.swift; path = StringFormatter.swift; sourceTree = "<group>"; };
		CD746492202DCCDA0095CBC4 /* LightCharts.framework */ = {isa = PBXFileReference; explicitFileType = wrapper.framework; includeInIndex = 0; path = LightCharts.framework; sourceTree = BUILT_PRODUCTS_DIR; };
		CD746495202DCCDA0095CBC4 /* LightCharts.h */ = {isa = PBXFileReference; lastKnownFileType = sourcecode.c.h; path = LightCharts.h; sourceTree = "<group>"; };
		CD746496202DCCDB0095CBC4 /* Info.plist */ = {isa = PBXFileReference; lastKnownFileType = text.plist.xml; path = Info.plist; sourceTree = "<group>"; };
		CD74649B202DCCDB0095CBC4 /* LightChartsTests.xctest */ = {isa = PBXFileReference; explicitFileType = wrapper.cfbundle; includeInIndex = 0; path = LightChartsTests.xctest; sourceTree = BUILT_PRODUCTS_DIR; };
		CD7464A0202DCCDB0095CBC4 /* LightChartsTests.swift */ = {isa = PBXFileReference; lastKnownFileType = sourcecode.swift; path = LightChartsTests.swift; sourceTree = "<group>"; };
		CD7464A2202DCCDB0095CBC4 /* Info.plist */ = {isa = PBXFileReference; lastKnownFileType = text.plist.xml; path = Info.plist; sourceTree = "<group>"; };
		CD7464B0202DCD180095CBC4 /* DemoApp.app */ = {isa = PBXFileReference; explicitFileType = wrapper.application; includeInIndex = 0; path = DemoApp.app; sourceTree = BUILT_PRODUCTS_DIR; };
		CD7464B2202DCD180095CBC4 /* AppDelegate.swift */ = {isa = PBXFileReference; lastKnownFileType = sourcecode.swift; path = AppDelegate.swift; sourceTree = "<group>"; };
		CD7464B4202DCD190095CBC4 /* ViewController.swift */ = {isa = PBXFileReference; lastKnownFileType = sourcecode.swift; path = ViewController.swift; sourceTree = "<group>"; };
		CD7464B7202DCD190095CBC4 /* Base */ = {isa = PBXFileReference; lastKnownFileType = file.storyboard; name = Base; path = Base.lproj/Main.storyboard; sourceTree = "<group>"; };
		CD7464B9202DCD190095CBC4 /* Assets.xcassets */ = {isa = PBXFileReference; lastKnownFileType = folder.assetcatalog; path = Assets.xcassets; sourceTree = "<group>"; };
		CD7464BC202DCD190095CBC4 /* Base */ = {isa = PBXFileReference; lastKnownFileType = file.storyboard; name = Base; path = Base.lproj/LaunchScreen.storyboard; sourceTree = "<group>"; };
		CD7464BE202DCD190095CBC4 /* Info.plist */ = {isa = PBXFileReference; lastKnownFileType = text.plist.xml; path = Info.plist; sourceTree = "<group>"; };
		CD7464C3202DCD190095CBC4 /* DemoAppTests.xctest */ = {isa = PBXFileReference; explicitFileType = wrapper.cfbundle; includeInIndex = 0; path = DemoAppTests.xctest; sourceTree = BUILT_PRODUCTS_DIR; };
		CD7464C7202DCD190095CBC4 /* DemoAppTests.swift */ = {isa = PBXFileReference; lastKnownFileType = sourcecode.swift; path = DemoAppTests.swift; sourceTree = "<group>"; };
		CD7464C9202DCD190095CBC4 /* Info.plist */ = {isa = PBXFileReference; lastKnownFileType = text.plist.xml; path = Info.plist; sourceTree = "<group>"; };
		CD7464CE202DCD190095CBC4 /* DemoAppUITests.xctest */ = {isa = PBXFileReference; explicitFileType = wrapper.cfbundle; includeInIndex = 0; path = DemoAppUITests.xctest; sourceTree = BUILT_PRODUCTS_DIR; };
		CD7464D2202DCD190095CBC4 /* DemoAppUITests.swift */ = {isa = PBXFileReference; lastKnownFileType = sourcecode.swift; path = DemoAppUITests.swift; sourceTree = "<group>"; };
		CD7464D4202DCD190095CBC4 /* Info.plist */ = {isa = PBXFileReference; lastKnownFileType = text.plist.xml; path = Info.plist; sourceTree = "<group>"; };
		CD83E24A20407EE5005BA31D /* IntegerFormat.swift */ = {isa = PBXFileReference; lastKnownFileType = sourcecode.swift; path = IntegerFormat.swift; sourceTree = "<group>"; };
		CD86B40920375E170040D73B /* StringFormatter.swift */ = {isa = PBXFileReference; lastKnownFileType = sourcecode.swift; path = StringFormatter.swift; sourceTree = "<group>"; };
		CD9D35CB202E03B300FB149A /* LightCharts.swift */ = {isa = PBXFileReference; lastKnownFileType = sourcecode.swift; path = LightCharts.swift; sourceTree = "<group>"; };
		CDB9E5EA20488BDA0014A230 /* BalloonMarker.swift */ = {isa = PBXFileReference; lastKnownFileType = sourcecode.swift; path = BalloonMarker.swift; sourceTree = "<group>"; };
		CDC19D15203F3CA200C65E53 /* LightCharts_Bar.swift */ = {isa = PBXFileReference; lastKnownFileType = sourcecode.swift; path = LightCharts_Bar.swift; sourceTree = "<group>"; };
		CDC19D17203F3D4E00C65E53 /* LightCharts_Line.swift */ = {isa = PBXFileReference; lastKnownFileType = sourcecode.swift; path = LightCharts_Line.swift; sourceTree = "<group>"; };
		CDC19D19203F3D7000C65E53 /* LightCharts_Pie.swift */ = {isa = PBXFileReference; lastKnownFileType = sourcecode.swift; path = LightCharts_Pie.swift; sourceTree = "<group>"; };
		CDC19D1B203F3D9300C65E53 /* LightCharts_Radar.swift */ = {isa = PBXFileReference; lastKnownFileType = sourcecode.swift; path = LightCharts_Radar.swift; sourceTree = "<group>"; };
		CDC19D21203F4FA600C65E53 /* TimeStampFormatter.swift */ = {isa = PBXFileReference; lastKnownFileType = sourcecode.swift; path = TimeStampFormatter.swift; sourceTree = "<group>"; };
		CDEADB4B203DEDDA003A17AC /* ChartBarConfig.swift */ = {isa = PBXFileReference; lastKnownFileType = sourcecode.swift; path = ChartBarConfig.swift; sourceTree = "<group>"; };
		D639B4DAD8485A7874DB6C5A /* Pods-LightCharts.debug.xcconfig */ = {isa = PBXFileReference; includeInIndex = 1; lastKnownFileType = text.xcconfig; name = "Pods-LightCharts.debug.xcconfig"; path = "Pods/Target Support Files/Pods-LightCharts/Pods-LightCharts.debug.xcconfig"; sourceTree = "<group>"; };
		E472460312F110135E592762 /* Pods-LightChartsTests.debug.xcconfig */ = {isa = PBXFileReference; includeInIndex = 1; lastKnownFileType = text.xcconfig; name = "Pods-LightChartsTests.debug.xcconfig"; path = "Pods/Target Support Files/Pods-LightChartsTests/Pods-LightChartsTests.debug.xcconfig"; sourceTree = "<group>"; };
		E95631C1EF59411216DC5A60 /* Pods-DemoAppTests.release.xcconfig */ = {isa = PBXFileReference; includeInIndex = 1; lastKnownFileType = text.xcconfig; name = "Pods-DemoAppTests.release.xcconfig"; path = "Pods/Target Support Files/Pods-DemoAppTests/Pods-DemoAppTests.release.xcconfig"; sourceTree = "<group>"; };
		F0D847E2E604C199DFC75993 /* Pods-LightChartsTests.release.xcconfig */ = {isa = PBXFileReference; includeInIndex = 1; lastKnownFileType = text.xcconfig; name = "Pods-LightChartsTests.release.xcconfig"; path = "Pods/Target Support Files/Pods-LightChartsTests/Pods-LightChartsTests.release.xcconfig"; sourceTree = "<group>"; };
		F7B607505E8363A9B641903D /* Pods_DemoAppUITests.framework */ = {isa = PBXFileReference; explicitFileType = wrapper.framework; includeInIndex = 0; path = Pods_DemoAppUITests.framework; sourceTree = BUILT_PRODUCTS_DIR; };
/* End PBXFileReference section */

/* Begin PBXFrameworksBuildPhase section */
		CD74648E202DCCDA0095CBC4 /* Frameworks */ = {
			isa = PBXFrameworksBuildPhase;
			buildActionMask = 2147483647;
			files = (
				D6DE48B6CBCFD29B7C231E9A /* Pods_LightCharts.framework in Frameworks */,
			);
			runOnlyForDeploymentPostprocessing = 0;
		};
		CD746498202DCCDB0095CBC4 /* Frameworks */ = {
			isa = PBXFrameworksBuildPhase;
			buildActionMask = 2147483647;
			files = (
				CD74649C202DCCDB0095CBC4 /* LightCharts.framework in Frameworks */,
				EB4EDB4627FF82EBB79CF167 /* Pods_LightChartsTests.framework in Frameworks */,
			);
			runOnlyForDeploymentPostprocessing = 0;
		};
		CD7464AD202DCD180095CBC4 /* Frameworks */ = {
			isa = PBXFrameworksBuildPhase;
			buildActionMask = 2147483647;
			files = (
				CD86B4042037512D0040D73B /* LightCharts.framework in Frameworks */,
				904433E7DEDAC2CF53D5A4AB /* Pods_DemoApp.framework in Frameworks */,
			);
			runOnlyForDeploymentPostprocessing = 0;
		};
		CD7464C0202DCD190095CBC4 /* Frameworks */ = {
			isa = PBXFrameworksBuildPhase;
			buildActionMask = 2147483647;
			files = (
				CE97BE2AF3497118EAA2E365 /* Pods_DemoAppTests.framework in Frameworks */,
			);
			runOnlyForDeploymentPostprocessing = 0;
		};
		CD7464CB202DCD190095CBC4 /* Frameworks */ = {
			isa = PBXFrameworksBuildPhase;
			buildActionMask = 2147483647;
			files = (
				2D45FCCB64315B737ADA922F /* Pods_DemoAppUITests.framework in Frameworks */,
			);
			runOnlyForDeploymentPostprocessing = 0;
		};
/* End PBXFrameworksBuildPhase section */

/* Begin PBXGroup section */
		19FCA8C1548E947E6664185B /* Frameworks */ = {
			isa = PBXGroup;
			children = (
				CD4A2471203495A1000B5905 /* Pods_LightCharts.framework */,
				CD4A246F203494D4000B5905 /* Charts.framework */,
				CD4A246D203494AF000B5905 /* Pods_LightCharts.framework */,
				64644FCA31B9152E12918CB2 /* Pods_LightCharts.framework */,
				53EF100C1AC7ED0ADB463AC6 /* Pods_LightChartsTests.framework */,
				84320D9D67E6387707E7FDB4 /* Pods_DemoApp.framework */,
				AB01041BE20FD2827BBD9D94 /* Pods_DemoAppTests.framework */,
				F7B607505E8363A9B641903D /* Pods_DemoAppUITests.framework */,
			);
			name = Frameworks;
			sourceTree = "<group>";
		};
		6F33451C7170EDAF74C239E4 /* Pods */ = {
			isa = PBXGroup;
			children = (
				D639B4DAD8485A7874DB6C5A /* Pods-LightCharts.debug.xcconfig */,
				005F980FFADDEE37FA84B28D /* Pods-LightCharts.release.xcconfig */,
				E472460312F110135E592762 /* Pods-LightChartsTests.debug.xcconfig */,
				F0D847E2E604C199DFC75993 /* Pods-LightChartsTests.release.xcconfig */,
				068289A77DB43FBF063EFCA4 /* Pods-DemoApp.debug.xcconfig */,
				8D46EAFF9D04A463C497D7C6 /* Pods-DemoApp.release.xcconfig */,
				A4865DAE6A705D28E660DDCA /* Pods-DemoAppTests.debug.xcconfig */,
				E95631C1EF59411216DC5A60 /* Pods-DemoAppTests.release.xcconfig */,
				75187927EA4A314BA747F8DE /* Pods-DemoAppUITests.debug.xcconfig */,
				2FE2943C33AAA5685950877B /* Pods-DemoAppUITests.release.xcconfig */,
			);
			name = Pods;
			sourceTree = "<group>";
		};
		CD4EEC4E203C8B9300F61509 /* Formatters */ = {
			isa = PBXGroup;
			children = (
				CD4EEC4F203C8BC300F61509 /* StringFormatter.swift */,
				CDC19D21203F4FA600C65E53 /* TimeStampFormatter.swift */,
				CD83E24A20407EE5005BA31D /* IntegerFormat.swift */,
			);
			path = Formatters;
			sourceTree = "<group>";
		};
		CD746488202DCCDA0095CBC4 = {
			isa = PBXGroup;
			children = (
				CD746494202DCCDA0095CBC4 /* LightCharts */,
				CD74649F202DCCDB0095CBC4 /* LightChartsTests */,
				CD7464B1202DCD180095CBC4 /* DemoApp */,
				CD7464C6202DCD190095CBC4 /* DemoAppTests */,
				CD7464D1202DCD190095CBC4 /* DemoAppUITests */,
				CD746493202DCCDA0095CBC4 /* Products */,
				6F33451C7170EDAF74C239E4 /* Pods */,
				19FCA8C1548E947E6664185B /* Frameworks */,
			);
			sourceTree = "<group>";
		};
		CD746493202DCCDA0095CBC4 /* Products */ = {
			isa = PBXGroup;
			children = (
				CD746492202DCCDA0095CBC4 /* LightCharts.framework */,
				CD74649B202DCCDB0095CBC4 /* LightChartsTests.xctest */,
				CD7464B0202DCD180095CBC4 /* DemoApp.app */,
				CD7464C3202DCD190095CBC4 /* DemoAppTests.xctest */,
				CD7464CE202DCD190095CBC4 /* DemoAppUITests.xctest */,
			);
			name = Products;
			sourceTree = "<group>";
		};
		CD746494202DCCDA0095CBC4 /* LightCharts */ = {
			isa = PBXGroup;
			children = (
				CDC19D20203F3E0B00C65E53 /* Model */,
				CDC19D1F203F3DF400C65E53 /* Core */,
				CD4EEC4E203C8B9300F61509 /* Formatters */,
				CD746495202DCCDA0095CBC4 /* LightCharts.h */,
				CD746496202DCCDB0095CBC4 /* Info.plist */,
			);
			path = LightCharts;
			sourceTree = "<group>";
		};
		CD74649F202DCCDB0095CBC4 /* LightChartsTests */ = {
			isa = PBXGroup;
			children = (
				CD7464A0202DCCDB0095CBC4 /* LightChartsTests.swift */,
				CD7464A2202DCCDB0095CBC4 /* Info.plist */,
			);
			path = LightChartsTests;
			sourceTree = "<group>";
		};
		CD7464B1202DCD180095CBC4 /* DemoApp */ = {
			isa = PBXGroup;
			children = (
				CD7464B2202DCD180095CBC4 /* AppDelegate.swift */,
				CD7464B4202DCD190095CBC4 /* ViewController.swift */,
				CD7464B6202DCD190095CBC4 /* Main.storyboard */,
				CD7464B9202DCD190095CBC4 /* Assets.xcassets */,
				CD7464BB202DCD190095CBC4 /* LaunchScreen.storyboard */,
				CD7464BE202DCD190095CBC4 /* Info.plist */,
				CD86B40920375E170040D73B /* StringFormatter.swift */,
			);
			path = DemoApp;
			sourceTree = "<group>";
		};
		CD7464C6202DCD190095CBC4 /* DemoAppTests */ = {
			isa = PBXGroup;
			children = (
				CD7464C7202DCD190095CBC4 /* DemoAppTests.swift */,
				CD7464C9202DCD190095CBC4 /* Info.plist */,
			);
			path = DemoAppTests;
			sourceTree = "<group>";
		};
		CD7464D1202DCD190095CBC4 /* DemoAppUITests */ = {
			isa = PBXGroup;
			children = (
				CD7464D2202DCD190095CBC4 /* DemoAppUITests.swift */,
				CD7464D4202DCD190095CBC4 /* Info.plist */,
			);
			path = DemoAppUITests;
			sourceTree = "<group>";
		};
		CDC19D1F203F3DF400C65E53 /* Core */ = {
			isa = PBXGroup;
			children = (
				CD9D35CB202E03B300FB149A /* LightCharts.swift */,
				CDC19D15203F3CA200C65E53 /* LightCharts_Bar.swift */,
				CDC19D17203F3D4E00C65E53 /* LightCharts_Line.swift */,
				CDC19D19203F3D7000C65E53 /* LightCharts_Pie.swift */,
				CDC19D1B203F3D9300C65E53 /* LightCharts_Radar.swift */,
			);
			path = Core;
			sourceTree = "<group>";
		};
		CDC19D20203F3E0B00C65E53 /* Model */ = {
			isa = PBXGroup;
			children = (
				CD4EEC4C203C868D00F61509 /* Serie.swift */,
				CDEADB4B203DEDDA003A17AC /* ChartBarConfig.swift */,
				CDB9E5EA20488BDA0014A230 /* BalloonMarker.swift */,
			);
			path = Model;
			sourceTree = "<group>";
		};
/* End PBXGroup section */

/* Begin PBXHeadersBuildPhase section */
		CD74648F202DCCDA0095CBC4 /* Headers */ = {
			isa = PBXHeadersBuildPhase;
			buildActionMask = 2147483647;
			files = (
				CD7464A3202DCCDB0095CBC4 /* LightCharts.h in Headers */,
			);
			runOnlyForDeploymentPostprocessing = 0;
		};
/* End PBXHeadersBuildPhase section */

/* Begin PBXNativeTarget section */
		CD746491202DCCDA0095CBC4 /* LightCharts */ = {
			isa = PBXNativeTarget;
			buildConfigurationList = CD7464A6202DCCDB0095CBC4 /* Build configuration list for PBXNativeTarget "LightCharts" */;
			buildPhases = (
				EB654E251AE3E098F9073B0A /* [CP] Check Pods Manifest.lock */,
				CD74648D202DCCDA0095CBC4 /* Sources */,
				CD74648E202DCCDA0095CBC4 /* Frameworks */,
				CD74648F202DCCDA0095CBC4 /* Headers */,
				CD746490202DCCDA0095CBC4 /* Resources */,
			);
			buildRules = (
			);
			dependencies = (
			);
			name = LightCharts;
			productName = LightCharts;
			productReference = CD746492202DCCDA0095CBC4 /* LightCharts.framework */;
			productType = "com.apple.product-type.framework";
		};
		CD74649A202DCCDB0095CBC4 /* LightChartsTests */ = {
			isa = PBXNativeTarget;
			buildConfigurationList = CD7464A9202DCCDB0095CBC4 /* Build configuration list for PBXNativeTarget "LightChartsTests" */;
			buildPhases = (
				84A766D23482E9FC96EE7F72 /* [CP] Check Pods Manifest.lock */,
				CD746497202DCCDB0095CBC4 /* Sources */,
				CD746498202DCCDB0095CBC4 /* Frameworks */,
				CD746499202DCCDB0095CBC4 /* Resources */,
			);
			buildRules = (
			);
			dependencies = (
				CD74649E202DCCDB0095CBC4 /* PBXTargetDependency */,
			);
			name = LightChartsTests;
			productName = LightChartsTests;
			productReference = CD74649B202DCCDB0095CBC4 /* LightChartsTests.xctest */;
			productType = "com.apple.product-type.bundle.unit-test";
		};
		CD7464AF202DCD180095CBC4 /* DemoApp */ = {
			isa = PBXNativeTarget;
			buildConfigurationList = CD7464D5202DCD190095CBC4 /* Build configuration list for PBXNativeTarget "DemoApp" */;
			buildPhases = (
				B9C5BFAAB115601E9690D7F1 /* [CP] Check Pods Manifest.lock */,
				CD7464AC202DCD180095CBC4 /* Sources */,
				CD7464AD202DCD180095CBC4 /* Frameworks */,
				CD7464AE202DCD180095CBC4 /* Resources */,
				9C369F1C2B5C0AC0A71536DF /* [CP] Embed Pods Frameworks */,
				CD86B4082037512E0040D73B /* Embed Frameworks */,
			);
			buildRules = (
			);
			dependencies = (
				CD86B4072037512D0040D73B /* PBXTargetDependency */,
			);
			name = DemoApp;
			productName = DemoApp;
			productReference = CD7464B0202DCD180095CBC4 /* DemoApp.app */;
			productType = "com.apple.product-type.application";
		};
		CD7464C2202DCD190095CBC4 /* DemoAppTests */ = {
			isa = PBXNativeTarget;
			buildConfigurationList = CD7464D8202DCD190095CBC4 /* Build configuration list for PBXNativeTarget "DemoAppTests" */;
			buildPhases = (
				3F0F62D501A357391E7DC6DB /* [CP] Check Pods Manifest.lock */,
				CD7464BF202DCD190095CBC4 /* Sources */,
				CD7464C0202DCD190095CBC4 /* Frameworks */,
				CD7464C1202DCD190095CBC4 /* Resources */,
			);
			buildRules = (
			);
			dependencies = (
				CD7464C5202DCD190095CBC4 /* PBXTargetDependency */,
			);
			name = DemoAppTests;
			productName = DemoAppTests;
			productReference = CD7464C3202DCD190095CBC4 /* DemoAppTests.xctest */;
			productType = "com.apple.product-type.bundle.unit-test";
		};
		CD7464CD202DCD190095CBC4 /* DemoAppUITests */ = {
			isa = PBXNativeTarget;
			buildConfigurationList = CD7464DB202DCD190095CBC4 /* Build configuration list for PBXNativeTarget "DemoAppUITests" */;
			buildPhases = (
				FD63B1F0A14845120FFF9562 /* [CP] Check Pods Manifest.lock */,
				CD7464CA202DCD190095CBC4 /* Sources */,
				CD7464CB202DCD190095CBC4 /* Frameworks */,
				CD7464CC202DCD190095CBC4 /* Resources */,
			);
			buildRules = (
			);
			dependencies = (
				CD7464D0202DCD190095CBC4 /* PBXTargetDependency */,
			);
			name = DemoAppUITests;
			productName = DemoAppUITests;
			productReference = CD7464CE202DCD190095CBC4 /* DemoAppUITests.xctest */;
			productType = "com.apple.product-type.bundle.ui-testing";
		};
/* End PBXNativeTarget section */

/* Begin PBXProject section */
		CD746489202DCCDA0095CBC4 /* Project object */ = {
			isa = PBXProject;
			attributes = {
				LastSwiftUpdateCheck = 0920;
				LastUpgradeCheck = 1010;
				ORGANIZATIONNAME = "Leonardo Geus";
				TargetAttributes = {
					CD746491202DCCDA0095CBC4 = {
						CreatedOnToolsVersion = 9.2;
						LastSwiftMigration = 1010;
						ProvisioningStyle = Automatic;
					};
					CD74649A202DCCDB0095CBC4 = {
						CreatedOnToolsVersion = 9.2;
						ProvisioningStyle = Automatic;
					};
					CD7464AF202DCD180095CBC4 = {
						CreatedOnToolsVersion = 9.2;
						LastSwiftMigration = 1010;
						ProvisioningStyle = Automatic;
					};
					CD7464C2202DCD190095CBC4 = {
						CreatedOnToolsVersion = 9.2;
						LastSwiftMigration = 1010;
						ProvisioningStyle = Automatic;
						TestTargetID = CD7464AF202DCD180095CBC4;
					};
					CD7464CD202DCD190095CBC4 = {
						CreatedOnToolsVersion = 9.2;
						LastSwiftMigration = 1010;
						ProvisioningStyle = Automatic;
						TestTargetID = CD7464AF202DCD180095CBC4;
					};
				};
			};
			buildConfigurationList = CD74648C202DCCDA0095CBC4 /* Build configuration list for PBXProject "LightCharts" */;
			compatibilityVersion = "Xcode 8.0";
			developmentRegion = en;
			hasScannedForEncodings = 0;
			knownRegions = (
				en,
				Base,
			);
			mainGroup = CD746488202DCCDA0095CBC4;
			productRefGroup = CD746493202DCCDA0095CBC4 /* Products */;
			projectDirPath = "";
			projectRoot = "";
			targets = (
				CD746491202DCCDA0095CBC4 /* LightCharts */,
				CD74649A202DCCDB0095CBC4 /* LightChartsTests */,
				CD7464AF202DCD180095CBC4 /* DemoApp */,
				CD7464C2202DCD190095CBC4 /* DemoAppTests */,
				CD7464CD202DCD190095CBC4 /* DemoAppUITests */,
			);
		};
/* End PBXProject section */

/* Begin PBXResourcesBuildPhase section */
		CD746490202DCCDA0095CBC4 /* Resources */ = {
			isa = PBXResourcesBuildPhase;
			buildActionMask = 2147483647;
			files = (
			);
			runOnlyForDeploymentPostprocessing = 0;
		};
		CD746499202DCCDB0095CBC4 /* Resources */ = {
			isa = PBXResourcesBuildPhase;
			buildActionMask = 2147483647;
			files = (
			);
			runOnlyForDeploymentPostprocessing = 0;
		};
		CD7464AE202DCD180095CBC4 /* Resources */ = {
			isa = PBXResourcesBuildPhase;
			buildActionMask = 2147483647;
			files = (
				CD7464BD202DCD190095CBC4 /* LaunchScreen.storyboard in Resources */,
				CD7464BA202DCD190095CBC4 /* Assets.xcassets in Resources */,
				CD7464B8202DCD190095CBC4 /* Main.storyboard in Resources */,
			);
			runOnlyForDeploymentPostprocessing = 0;
		};
		CD7464C1202DCD190095CBC4 /* Resources */ = {
			isa = PBXResourcesBuildPhase;
			buildActionMask = 2147483647;
			files = (
			);
			runOnlyForDeploymentPostprocessing = 0;
		};
		CD7464CC202DCD190095CBC4 /* Resources */ = {
			isa = PBXResourcesBuildPhase;
			buildActionMask = 2147483647;
			files = (
			);
			runOnlyForDeploymentPostprocessing = 0;
		};
/* End PBXResourcesBuildPhase section */

/* Begin PBXShellScriptBuildPhase section */
		3F0F62D501A357391E7DC6DB /* [CP] Check Pods Manifest.lock */ = {
			isa = PBXShellScriptBuildPhase;
			buildActionMask = 2147483647;
			files = (
			);
			inputPaths = (
				"${PODS_PODFILE_DIR_PATH}/Podfile.lock",
				"${PODS_ROOT}/Manifest.lock",
			);
			name = "[CP] Check Pods Manifest.lock";
			outputPaths = (
				"$(DERIVED_FILE_DIR)/Pods-DemoAppTests-checkManifestLockResult.txt",
			);
			runOnlyForDeploymentPostprocessing = 0;
			shellPath = /bin/sh;
			shellScript = "diff \"${PODS_PODFILE_DIR_PATH}/Podfile.lock\" \"${PODS_ROOT}/Manifest.lock\" > /dev/null\nif [ $? != 0 ] ; then\n    # print error to STDERR\n    echo \"error: The sandbox is not in sync with the Podfile.lock. Run 'pod install' or update your CocoaPods installation.\" >&2\n    exit 1\nfi\n# This output is used by Xcode 'outputs' to avoid re-running this script phase.\necho \"SUCCESS\" > \"${SCRIPT_OUTPUT_FILE_0}\"\n";
			showEnvVarsInLog = 0;
		};
		84A766D23482E9FC96EE7F72 /* [CP] Check Pods Manifest.lock */ = {
			isa = PBXShellScriptBuildPhase;
			buildActionMask = 2147483647;
			files = (
			);
			inputPaths = (
				"${PODS_PODFILE_DIR_PATH}/Podfile.lock",
				"${PODS_ROOT}/Manifest.lock",
			);
			name = "[CP] Check Pods Manifest.lock";
			outputPaths = (
				"$(DERIVED_FILE_DIR)/Pods-LightChartsTests-checkManifestLockResult.txt",
			);
			runOnlyForDeploymentPostprocessing = 0;
			shellPath = /bin/sh;
			shellScript = "diff \"${PODS_PODFILE_DIR_PATH}/Podfile.lock\" \"${PODS_ROOT}/Manifest.lock\" > /dev/null\nif [ $? != 0 ] ; then\n    # print error to STDERR\n    echo \"error: The sandbox is not in sync with the Podfile.lock. Run 'pod install' or update your CocoaPods installation.\" >&2\n    exit 1\nfi\n# This output is used by Xcode 'outputs' to avoid re-running this script phase.\necho \"SUCCESS\" > \"${SCRIPT_OUTPUT_FILE_0}\"\n";
			showEnvVarsInLog = 0;
		};
		9C369F1C2B5C0AC0A71536DF /* [CP] Embed Pods Frameworks */ = {
			isa = PBXShellScriptBuildPhase;
			buildActionMask = 2147483647;
			files = (
			);
			inputPaths = (
				"${PODS_ROOT}/Target Support Files/Pods-DemoApp/Pods-DemoApp-frameworks.sh",
				"${BUILT_PRODUCTS_DIR}/Charts/Charts.framework",
			);
			name = "[CP] Embed Pods Frameworks";
			outputPaths = (
				"${TARGET_BUILD_DIR}/${FRAMEWORKS_FOLDER_PATH}/Charts.framework",
			);
			runOnlyForDeploymentPostprocessing = 0;
			shellPath = /bin/sh;
			shellScript = "\"${PODS_ROOT}/Target Support Files/Pods-DemoApp/Pods-DemoApp-frameworks.sh\"\n";
			showEnvVarsInLog = 0;
		};
		B9C5BFAAB115601E9690D7F1 /* [CP] Check Pods Manifest.lock */ = {
			isa = PBXShellScriptBuildPhase;
			buildActionMask = 2147483647;
			files = (
			);
			inputPaths = (
				"${PODS_PODFILE_DIR_PATH}/Podfile.lock",
				"${PODS_ROOT}/Manifest.lock",
			);
			name = "[CP] Check Pods Manifest.lock";
			outputPaths = (
				"$(DERIVED_FILE_DIR)/Pods-DemoApp-checkManifestLockResult.txt",
			);
			runOnlyForDeploymentPostprocessing = 0;
			shellPath = /bin/sh;
			shellScript = "diff \"${PODS_PODFILE_DIR_PATH}/Podfile.lock\" \"${PODS_ROOT}/Manifest.lock\" > /dev/null\nif [ $? != 0 ] ; then\n    # print error to STDERR\n    echo \"error: The sandbox is not in sync with the Podfile.lock. Run 'pod install' or update your CocoaPods installation.\" >&2\n    exit 1\nfi\n# This output is used by Xcode 'outputs' to avoid re-running this script phase.\necho \"SUCCESS\" > \"${SCRIPT_OUTPUT_FILE_0}\"\n";
			showEnvVarsInLog = 0;
		};
		EB654E251AE3E098F9073B0A /* [CP] Check Pods Manifest.lock */ = {
			isa = PBXShellScriptBuildPhase;
			buildActionMask = 2147483647;
			files = (
			);
			inputPaths = (
				"${PODS_PODFILE_DIR_PATH}/Podfile.lock",
				"${PODS_ROOT}/Manifest.lock",
			);
			name = "[CP] Check Pods Manifest.lock";
			outputPaths = (
				"$(DERIVED_FILE_DIR)/Pods-LightCharts-checkManifestLockResult.txt",
			);
			runOnlyForDeploymentPostprocessing = 0;
			shellPath = /bin/sh;
			shellScript = "diff \"${PODS_PODFILE_DIR_PATH}/Podfile.lock\" \"${PODS_ROOT}/Manifest.lock\" > /dev/null\nif [ $? != 0 ] ; then\n    # print error to STDERR\n    echo \"error: The sandbox is not in sync with the Podfile.lock. Run 'pod install' or update your CocoaPods installation.\" >&2\n    exit 1\nfi\n# This output is used by Xcode 'outputs' to avoid re-running this script phase.\necho \"SUCCESS\" > \"${SCRIPT_OUTPUT_FILE_0}\"\n";
			showEnvVarsInLog = 0;
		};
		FD63B1F0A14845120FFF9562 /* [CP] Check Pods Manifest.lock */ = {
			isa = PBXShellScriptBuildPhase;
			buildActionMask = 2147483647;
			files = (
			);
			inputPaths = (
				"${PODS_PODFILE_DIR_PATH}/Podfile.lock",
				"${PODS_ROOT}/Manifest.lock",
			);
			name = "[CP] Check Pods Manifest.lock";
			outputPaths = (
				"$(DERIVED_FILE_DIR)/Pods-DemoAppUITests-checkManifestLockResult.txt",
			);
			runOnlyForDeploymentPostprocessing = 0;
			shellPath = /bin/sh;
			shellScript = "diff \"${PODS_PODFILE_DIR_PATH}/Podfile.lock\" \"${PODS_ROOT}/Manifest.lock\" > /dev/null\nif [ $? != 0 ] ; then\n    # print error to STDERR\n    echo \"error: The sandbox is not in sync with the Podfile.lock. Run 'pod install' or update your CocoaPods installation.\" >&2\n    exit 1\nfi\n# This output is used by Xcode 'outputs' to avoid re-running this script phase.\necho \"SUCCESS\" > \"${SCRIPT_OUTPUT_FILE_0}\"\n";
			showEnvVarsInLog = 0;
		};
/* End PBXShellScriptBuildPhase section */

/* Begin PBXSourcesBuildPhase section */
		CD74648D202DCCDA0095CBC4 /* Sources */ = {
			isa = PBXSourcesBuildPhase;
			buildActionMask = 2147483647;
			files = (
				CDC19D1C203F3D9300C65E53 /* LightCharts_Radar.swift in Sources */,
				CDEADB4C203DEDDA003A17AC /* ChartBarConfig.swift in Sources */,
				CDC19D18203F3D4E00C65E53 /* LightCharts_Line.swift in Sources */,
				CDC19D1A203F3D7000C65E53 /* LightCharts_Pie.swift in Sources */,
				CDB9E5EB20488BDA0014A230 /* BalloonMarker.swift in Sources */,
				CD4EEC4D203C868D00F61509 /* Serie.swift in Sources */,
				CD83E24B20407EE5005BA31D /* IntegerFormat.swift in Sources */,
				CDC19D16203F3CA200C65E53 /* LightCharts_Bar.swift in Sources */,
				CD4EEC50203C8BC300F61509 /* StringFormatter.swift in Sources */,
				CD9D35CC202E03B300FB149A /* LightCharts.swift in Sources */,
				CDC19D22203F4FA600C65E53 /* TimeStampFormatter.swift in Sources */,
			);
			runOnlyForDeploymentPostprocessing = 0;
		};
		CD746497202DCCDB0095CBC4 /* Sources */ = {
			isa = PBXSourcesBuildPhase;
			buildActionMask = 2147483647;
			files = (
				CD7464A1202DCCDB0095CBC4 /* LightChartsTests.swift in Sources */,
			);
			runOnlyForDeploymentPostprocessing = 0;
		};
		CD7464AC202DCD180095CBC4 /* Sources */ = {
			isa = PBXSourcesBuildPhase;
			buildActionMask = 2147483647;
			files = (
				CD7464B5202DCD190095CBC4 /* ViewController.swift in Sources */,
				CD86B40A20375E170040D73B /* StringFormatter.swift in Sources */,
				CD7464B3202DCD180095CBC4 /* AppDelegate.swift in Sources */,
			);
			runOnlyForDeploymentPostprocessing = 0;
		};
		CD7464BF202DCD190095CBC4 /* Sources */ = {
			isa = PBXSourcesBuildPhase;
			buildActionMask = 2147483647;
			files = (
				CD7464C8202DCD190095CBC4 /* DemoAppTests.swift in Sources */,
			);
			runOnlyForDeploymentPostprocessing = 0;
		};
		CD7464CA202DCD190095CBC4 /* Sources */ = {
			isa = PBXSourcesBuildPhase;
			buildActionMask = 2147483647;
			files = (
				CD7464D3202DCD190095CBC4 /* DemoAppUITests.swift in Sources */,
			);
			runOnlyForDeploymentPostprocessing = 0;
		};
/* End PBXSourcesBuildPhase section */

/* Begin PBXTargetDependency section */
		CD74649E202DCCDB0095CBC4 /* PBXTargetDependency */ = {
			isa = PBXTargetDependency;
			target = CD746491202DCCDA0095CBC4 /* LightCharts */;
			targetProxy = CD74649D202DCCDB0095CBC4 /* PBXContainerItemProxy */;
		};
		CD7464C5202DCD190095CBC4 /* PBXTargetDependency */ = {
			isa = PBXTargetDependency;
			target = CD7464AF202DCD180095CBC4 /* DemoApp */;
			targetProxy = CD7464C4202DCD190095CBC4 /* PBXContainerItemProxy */;
		};
		CD7464D0202DCD190095CBC4 /* PBXTargetDependency */ = {
			isa = PBXTargetDependency;
			target = CD7464AF202DCD180095CBC4 /* DemoApp */;
			targetProxy = CD7464CF202DCD190095CBC4 /* PBXContainerItemProxy */;
		};
		CD86B4072037512D0040D73B /* PBXTargetDependency */ = {
			isa = PBXTargetDependency;
			target = CD746491202DCCDA0095CBC4 /* LightCharts */;
			targetProxy = CD86B4062037512D0040D73B /* PBXContainerItemProxy */;
		};
/* End PBXTargetDependency section */

/* Begin PBXVariantGroup section */
		CD7464B6202DCD190095CBC4 /* Main.storyboard */ = {
			isa = PBXVariantGroup;
			children = (
				CD7464B7202DCD190095CBC4 /* Base */,
			);
			name = Main.storyboard;
			sourceTree = "<group>";
		};
		CD7464BB202DCD190095CBC4 /* LaunchScreen.storyboard */ = {
			isa = PBXVariantGroup;
			children = (
				CD7464BC202DCD190095CBC4 /* Base */,
			);
			name = LaunchScreen.storyboard;
			sourceTree = "<group>";
		};
/* End PBXVariantGroup section */

/* Begin XCBuildConfiguration section */
		CD7464A4202DCCDB0095CBC4 /* Debug */ = {
			isa = XCBuildConfiguration;
			buildSettings = {
				ALWAYS_SEARCH_USER_PATHS = NO;
				CLANG_ANALYZER_NONNULL = YES;
				CLANG_ANALYZER_NUMBER_OBJECT_CONVERSION = YES_AGGRESSIVE;
				CLANG_CXX_LANGUAGE_STANDARD = "gnu++14";
				CLANG_CXX_LIBRARY = "libc++";
				CLANG_ENABLE_MODULES = YES;
				CLANG_ENABLE_OBJC_ARC = YES;
				CLANG_WARN_BLOCK_CAPTURE_AUTORELEASING = YES;
				CLANG_WARN_BOOL_CONVERSION = YES;
				CLANG_WARN_COMMA = YES;
				CLANG_WARN_CONSTANT_CONVERSION = YES;
				CLANG_WARN_DEPRECATED_OBJC_IMPLEMENTATIONS = YES;
				CLANG_WARN_DIRECT_OBJC_ISA_USAGE = YES_ERROR;
				CLANG_WARN_DOCUMENTATION_COMMENTS = YES;
				CLANG_WARN_EMPTY_BODY = YES;
				CLANG_WARN_ENUM_CONVERSION = YES;
				CLANG_WARN_INFINITE_RECURSION = YES;
				CLANG_WARN_INT_CONVERSION = YES;
				CLANG_WARN_NON_LITERAL_NULL_CONVERSION = YES;
				CLANG_WARN_OBJC_IMPLICIT_RETAIN_SELF = YES;
				CLANG_WARN_OBJC_LITERAL_CONVERSION = YES;
				CLANG_WARN_OBJC_ROOT_CLASS = YES_ERROR;
				CLANG_WARN_RANGE_LOOP_ANALYSIS = YES;
				CLANG_WARN_STRICT_PROTOTYPES = YES;
				CLANG_WARN_SUSPICIOUS_MOVE = YES;
				CLANG_WARN_UNGUARDED_AVAILABILITY = YES_AGGRESSIVE;
				CLANG_WARN_UNREACHABLE_CODE = YES;
				CLANG_WARN__DUPLICATE_METHOD_MATCH = YES;
				CODE_SIGN_IDENTITY = "iPhone Developer";
				COPY_PHASE_STRIP = NO;
				CURRENT_PROJECT_VERSION = 1;
				DEBUG_INFORMATION_FORMAT = dwarf;
				ENABLE_STRICT_OBJC_MSGSEND = YES;
				ENABLE_TESTABILITY = YES;
				GCC_C_LANGUAGE_STANDARD = gnu11;
				GCC_DYNAMIC_NO_PIC = NO;
				GCC_NO_COMMON_BLOCKS = YES;
				GCC_OPTIMIZATION_LEVEL = 0;
				GCC_PREPROCESSOR_DEFINITIONS = (
					"DEBUG=1",
					"$(inherited)",
				);
				GCC_WARN_64_TO_32_BIT_CONVERSION = YES;
				GCC_WARN_ABOUT_RETURN_TYPE = YES_ERROR;
				GCC_WARN_UNDECLARED_SELECTOR = YES;
				GCC_WARN_UNINITIALIZED_AUTOS = YES_AGGRESSIVE;
				GCC_WARN_UNUSED_FUNCTION = YES;
				GCC_WARN_UNUSED_VARIABLE = YES;
				IPHONEOS_DEPLOYMENT_TARGET = 11.2;
				MTL_ENABLE_DEBUG_INFO = YES;
				ONLY_ACTIVE_ARCH = YES;
				SDKROOT = iphoneos;
				SWIFT_ACTIVE_COMPILATION_CONDITIONS = DEBUG;
				SWIFT_OPTIMIZATION_LEVEL = "-Onone";
				VERSIONING_SYSTEM = "apple-generic";
				VERSION_INFO_PREFIX = "";
			};
			name = Debug;
		};
		CD7464A5202DCCDB0095CBC4 /* Release */ = {
			isa = XCBuildConfiguration;
			buildSettings = {
				ALWAYS_SEARCH_USER_PATHS = NO;
				CLANG_ANALYZER_NONNULL = YES;
				CLANG_ANALYZER_NUMBER_OBJECT_CONVERSION = YES_AGGRESSIVE;
				CLANG_CXX_LANGUAGE_STANDARD = "gnu++14";
				CLANG_CXX_LIBRARY = "libc++";
				CLANG_ENABLE_MODULES = YES;
				CLANG_ENABLE_OBJC_ARC = YES;
				CLANG_WARN_BLOCK_CAPTURE_AUTORELEASING = YES;
				CLANG_WARN_BOOL_CONVERSION = YES;
				CLANG_WARN_COMMA = YES;
				CLANG_WARN_CONSTANT_CONVERSION = YES;
				CLANG_WARN_DEPRECATED_OBJC_IMPLEMENTATIONS = YES;
				CLANG_WARN_DIRECT_OBJC_ISA_USAGE = YES_ERROR;
				CLANG_WARN_DOCUMENTATION_COMMENTS = YES;
				CLANG_WARN_EMPTY_BODY = YES;
				CLANG_WARN_ENUM_CONVERSION = YES;
				CLANG_WARN_INFINITE_RECURSION = YES;
				CLANG_WARN_INT_CONVERSION = YES;
				CLANG_WARN_NON_LITERAL_NULL_CONVERSION = YES;
				CLANG_WARN_OBJC_IMPLICIT_RETAIN_SELF = YES;
				CLANG_WARN_OBJC_LITERAL_CONVERSION = YES;
				CLANG_WARN_OBJC_ROOT_CLASS = YES_ERROR;
				CLANG_WARN_RANGE_LOOP_ANALYSIS = YES;
				CLANG_WARN_STRICT_PROTOTYPES = YES;
				CLANG_WARN_SUSPICIOUS_MOVE = YES;
				CLANG_WARN_UNGUARDED_AVAILABILITY = YES_AGGRESSIVE;
				CLANG_WARN_UNREACHABLE_CODE = YES;
				CLANG_WARN__DUPLICATE_METHOD_MATCH = YES;
				CODE_SIGN_IDENTITY = "iPhone Developer";
				COPY_PHASE_STRIP = NO;
				CURRENT_PROJECT_VERSION = 1;
				DEBUG_INFORMATION_FORMAT = "dwarf-with-dsym";
				ENABLE_NS_ASSERTIONS = NO;
				ENABLE_STRICT_OBJC_MSGSEND = YES;
				GCC_C_LANGUAGE_STANDARD = gnu11;
				GCC_NO_COMMON_BLOCKS = YES;
				GCC_WARN_64_TO_32_BIT_CONVERSION = YES;
				GCC_WARN_ABOUT_RETURN_TYPE = YES_ERROR;
				GCC_WARN_UNDECLARED_SELECTOR = YES;
				GCC_WARN_UNINITIALIZED_AUTOS = YES_AGGRESSIVE;
				GCC_WARN_UNUSED_FUNCTION = YES;
				GCC_WARN_UNUSED_VARIABLE = YES;
				IPHONEOS_DEPLOYMENT_TARGET = 11.2;
				MTL_ENABLE_DEBUG_INFO = NO;
				SDKROOT = iphoneos;
				SWIFT_OPTIMIZATION_LEVEL = "-Owholemodule";
				VALIDATE_PRODUCT = YES;
				VERSIONING_SYSTEM = "apple-generic";
				VERSION_INFO_PREFIX = "";
			};
			name = Release;
		};
		CD7464A7202DCCDB0095CBC4 /* Debug */ = {
			isa = XCBuildConfiguration;
			baseConfigurationReference = D639B4DAD8485A7874DB6C5A /* Pods-LightCharts.debug.xcconfig */;
			buildSettings = {
				CLANG_ENABLE_MODULES = YES;
				CODE_SIGN_IDENTITY = "";
				CODE_SIGN_STYLE = Automatic;
				DEFINES_MODULE = YES;
				DEVELOPMENT_TEAM = 4V6XCMA27T;
				DYLIB_COMPATIBILITY_VERSION = 1;
				DYLIB_CURRENT_VERSION = 1;
				DYLIB_INSTALL_NAME_BASE = "@rpath";
				INFOPLIST_FILE = LightCharts/Info.plist;
				INSTALL_PATH = "$(LOCAL_LIBRARY_DIR)/Frameworks";
				LD_RUNPATH_SEARCH_PATHS = "$(inherited) @executable_path/Frameworks @loader_path/Frameworks";
				PRODUCT_BUNDLE_IDENTIFIER = "com.br.leogeus.t-systems.LightCharts";
				PRODUCT_NAME = "$(TARGET_NAME:c99extidentifier)";
				SKIP_INSTALL = YES;
				SWIFT_OPTIMIZATION_LEVEL = "-Onone";
				SWIFT_VERSION = 4.2;
				TARGETED_DEVICE_FAMILY = "1,2";
			};
			name = Debug;
		};
		CD7464A8202DCCDB0095CBC4 /* Release */ = {
			isa = XCBuildConfiguration;
			baseConfigurationReference = 005F980FFADDEE37FA84B28D /* Pods-LightCharts.release.xcconfig */;
			buildSettings = {
				CLANG_ENABLE_MODULES = YES;
				CODE_SIGN_IDENTITY = "";
				CODE_SIGN_STYLE = Automatic;
				DEFINES_MODULE = YES;
				DEVELOPMENT_TEAM = 4V6XCMA27T;
				DYLIB_COMPATIBILITY_VERSION = 1;
				DYLIB_CURRENT_VERSION = 1;
				DYLIB_INSTALL_NAME_BASE = "@rpath";
				INFOPLIST_FILE = LightCharts/Info.plist;
				INSTALL_PATH = "$(LOCAL_LIBRARY_DIR)/Frameworks";
				LD_RUNPATH_SEARCH_PATHS = "$(inherited) @executable_path/Frameworks @loader_path/Frameworks";
				PRODUCT_BUNDLE_IDENTIFIER = "com.br.leogeus.t-systems.LightCharts";
				PRODUCT_NAME = "$(TARGET_NAME:c99extidentifier)";
				SKIP_INSTALL = YES;
				SWIFT_VERSION = 4.2;
				TARGETED_DEVICE_FAMILY = "1,2";
			};
			name = Release;
		};
		CD7464AA202DCCDB0095CBC4 /* Debug */ = {
			isa = XCBuildConfiguration;
			baseConfigurationReference = E472460312F110135E592762 /* Pods-LightChartsTests.debug.xcconfig */;
			buildSettings = {
				ALWAYS_EMBED_SWIFT_STANDARD_LIBRARIES = YES;
				CODE_SIGN_STYLE = Automatic;
				DEVELOPMENT_TEAM = 4V6XCMA27T;
				INFOPLIST_FILE = LightChartsTests/Info.plist;
				LD_RUNPATH_SEARCH_PATHS = "$(inherited) @executable_path/Frameworks @loader_path/Frameworks";
				PRODUCT_BUNDLE_IDENTIFIER = "com.br.leogeus.t-systems.LightChartsTests";
				PRODUCT_NAME = "$(TARGET_NAME)";
				SWIFT_VERSION = 4.0;
				TARGETED_DEVICE_FAMILY = "1,2";
			};
			name = Debug;
		};
		CD7464AB202DCCDB0095CBC4 /* Release */ = {
			isa = XCBuildConfiguration;
			baseConfigurationReference = F0D847E2E604C199DFC75993 /* Pods-LightChartsTests.release.xcconfig */;
			buildSettings = {
				ALWAYS_EMBED_SWIFT_STANDARD_LIBRARIES = YES;
				CODE_SIGN_STYLE = Automatic;
				DEVELOPMENT_TEAM = 4V6XCMA27T;
				INFOPLIST_FILE = LightChartsTests/Info.plist;
				LD_RUNPATH_SEARCH_PATHS = "$(inherited) @executable_path/Frameworks @loader_path/Frameworks";
				PRODUCT_BUNDLE_IDENTIFIER = "com.br.leogeus.t-systems.LightChartsTests";
				PRODUCT_NAME = "$(TARGET_NAME)";
				SWIFT_VERSION = 4.0;
				TARGETED_DEVICE_FAMILY = "1,2";
			};
			name = Release;
		};
		CD7464D6202DCD190095CBC4 /* Debug */ = {
			isa = XCBuildConfiguration;
			baseConfigurationReference = 068289A77DB43FBF063EFCA4 /* Pods-DemoApp.debug.xcconfig */;
			buildSettings = {
				ALWAYS_EMBED_SWIFT_STANDARD_LIBRARIES = YES;
				ASSETCATALOG_COMPILER_APPICON_NAME = AppIcon;
				CODE_SIGN_STYLE = Automatic;
				DEVELOPMENT_TEAM = 4V6XCMA27T;
				INFOPLIST_FILE = DemoApp/Info.plist;
				LD_RUNPATH_SEARCH_PATHS = "$(inherited) @executable_path/Frameworks";
				PRODUCT_BUNDLE_IDENTIFIER = "com.br.leogeus.t-systems.DemoApp";
				PRODUCT_NAME = "$(TARGET_NAME)";
				SWIFT_VERSION = 4.2;
				TARGETED_DEVICE_FAMILY = "1,2";
			};
			name = Debug;
		};
		CD7464D7202DCD190095CBC4 /* Release */ = {
			isa = XCBuildConfiguration;
			baseConfigurationReference = 8D46EAFF9D04A463C497D7C6 /* Pods-DemoApp.release.xcconfig */;
			buildSettings = {
				ALWAYS_EMBED_SWIFT_STANDARD_LIBRARIES = YES;
				ASSETCATALOG_COMPILER_APPICON_NAME = AppIcon;
				CODE_SIGN_STYLE = Automatic;
				DEVELOPMENT_TEAM = 4V6XCMA27T;
				INFOPLIST_FILE = DemoApp/Info.plist;
				LD_RUNPATH_SEARCH_PATHS = "$(inherited) @executable_path/Frameworks";
				PRODUCT_BUNDLE_IDENTIFIER = "com.br.leogeus.t-systems.DemoApp";
				PRODUCT_NAME = "$(TARGET_NAME)";
				SWIFT_ACTIVE_COMPILATION_CONDITIONS = "";
				SWIFT_VERSION = 4.2;
				TARGETED_DEVICE_FAMILY = "1,2";
			};
			name = Release;
		};
		CD7464D9202DCD190095CBC4 /* Debug */ = {
			isa = XCBuildConfiguration;
			baseConfigurationReference = A4865DAE6A705D28E660DDCA /* Pods-DemoAppTests.debug.xcconfig */;
			buildSettings = {
				ALWAYS_EMBED_SWIFT_STANDARD_LIBRARIES = YES;
				BUNDLE_LOADER = "$(TEST_HOST)";
				CODE_SIGN_STYLE = Automatic;
				DEVELOPMENT_TEAM = 4V6XCMA27T;
				INFOPLIST_FILE = DemoAppTests/Info.plist;
				LD_RUNPATH_SEARCH_PATHS = "$(inherited) @executable_path/Frameworks @loader_path/Frameworks";
				PRODUCT_BUNDLE_IDENTIFIER = "com.br.leogeus.t-systems.DemoAppTests";
				PRODUCT_NAME = "$(TARGET_NAME)";
				SWIFT_VERSION = 4.2;
				TARGETED_DEVICE_FAMILY = "1,2";
				TEST_HOST = "$(BUILT_PRODUCTS_DIR)/DemoApp.app/DemoApp";
			};
			name = Debug;
		};
		CD7464DA202DCD190095CBC4 /* Release */ = {
			isa = XCBuildConfiguration;
			baseConfigurationReference = E95631C1EF59411216DC5A60 /* Pods-DemoAppTests.release.xcconfig */;
			buildSettings = {
				ALWAYS_EMBED_SWIFT_STANDARD_LIBRARIES = YES;
				BUNDLE_LOADER = "$(TEST_HOST)";
				CODE_SIGN_STYLE = Automatic;
				DEVELOPMENT_TEAM = 4V6XCMA27T;
				INFOPLIST_FILE = DemoAppTests/Info.plist;
				LD_RUNPATH_SEARCH_PATHS = "$(inherited) @executable_path/Frameworks @loader_path/Frameworks";
				PRODUCT_BUNDLE_IDENTIFIER = "com.br.leogeus.t-systems.DemoAppTests";
				PRODUCT_NAME = "$(TARGET_NAME)";
				SWIFT_VERSION = 4.2;
				TARGETED_DEVICE_FAMILY = "1,2";
				TEST_HOST = "$(BUILT_PRODUCTS_DIR)/DemoApp.app/DemoApp";
			};
			name = Release;
		};
		CD7464DC202DCD190095CBC4 /* Debug */ = {
			isa = XCBuildConfiguration;
			baseConfigurationReference = 75187927EA4A314BA747F8DE /* Pods-DemoAppUITests.debug.xcconfig */;
			buildSettings = {
				ALWAYS_EMBED_SWIFT_STANDARD_LIBRARIES = YES;
				CODE_SIGN_STYLE = Automatic;
				DEVELOPMENT_TEAM = 4V6XCMA27T;
				INFOPLIST_FILE = DemoAppUITests/Info.plist;
				LD_RUNPATH_SEARCH_PATHS = "$(inherited) @executable_path/Frameworks @loader_path/Frameworks";
				PRODUCT_BUNDLE_IDENTIFIER = "com.br.leogeus.t-systems.DemoAppUITests";
				PRODUCT_NAME = "$(TARGET_NAME)";
				SWIFT_VERSION = 4.2;
				TARGETED_DEVICE_FAMILY = "1,2";
				TEST_TARGET_NAME = DemoApp;
			};
			name = Debug;
		};
		CD7464DD202DCD190095CBC4 /* Release */ = {
			isa = XCBuildConfiguration;
			baseConfigurationReference = 2FE2943C33AAA5685950877B /* Pods-DemoAppUITests.release.xcconfig */;
			buildSettings = {
				ALWAYS_EMBED_SWIFT_STANDARD_LIBRARIES = YES;
				CODE_SIGN_STYLE = Automatic;
				DEVELOPMENT_TEAM = 4V6XCMA27T;
				INFOPLIST_FILE = DemoAppUITests/Info.plist;
				LD_RUNPATH_SEARCH_PATHS = "$(inherited) @executable_path/Frameworks @loader_path/Frameworks";
				PRODUCT_BUNDLE_IDENTIFIER = "com.br.leogeus.t-systems.DemoAppUITests";
				PRODUCT_NAME = "$(TARGET_NAME)";
				SWIFT_VERSION = 4.2;
				TARGETED_DEVICE_FAMILY = "1,2";
				TEST_TARGET_NAME = DemoApp;
			};
			name = Release;
		};
/* End XCBuildConfiguration section */

/* Begin XCConfigurationList section */
		CD74648C202DCCDA0095CBC4 /* Build configuration list for PBXProject "LightCharts" */ = {
			isa = XCConfigurationList;
			buildConfigurations = (
				CD7464A4202DCCDB0095CBC4 /* Debug */,
				CD7464A5202DCCDB0095CBC4 /* Release */,
			);
			defaultConfigurationIsVisible = 0;
			defaultConfigurationName = Release;
		};
		CD7464A6202DCCDB0095CBC4 /* Build configuration list for PBXNativeTarget "LightCharts" */ = {
			isa = XCConfigurationList;
			buildConfigurations = (
				CD7464A7202DCCDB0095CBC4 /* Debug */,
				CD7464A8202DCCDB0095CBC4 /* Release */,
			);
			defaultConfigurationIsVisible = 0;
			defaultConfigurationName = Release;
		};
		CD7464A9202DCCDB0095CBC4 /* Build configuration list for PBXNativeTarget "LightChartsTests" */ = {
			isa = XCConfigurationList;
			buildConfigurations = (
				CD7464AA202DCCDB0095CBC4 /* Debug */,
				CD7464AB202DCCDB0095CBC4 /* Release */,
			);
			defaultConfigurationIsVisible = 0;
			defaultConfigurationName = Release;
		};
		CD7464D5202DCD190095CBC4 /* Build configuration list for PBXNativeTarget "DemoApp" */ = {
			isa = XCConfigurationList;
			buildConfigurations = (
				CD7464D6202DCD190095CBC4 /* Debug */,
				CD7464D7202DCD190095CBC4 /* Release */,
			);
			defaultConfigurationIsVisible = 0;
			defaultConfigurationName = Release;
		};
		CD7464D8202DCD190095CBC4 /* Build configuration list for PBXNativeTarget "DemoAppTests" */ = {
			isa = XCConfigurationList;
			buildConfigurations = (
				CD7464D9202DCD190095CBC4 /* Debug */,
				CD7464DA202DCD190095CBC4 /* Release */,
			);
			defaultConfigurationIsVisible = 0;
			defaultConfigurationName = Release;
		};
		CD7464DB202DCD190095CBC4 /* Build configuration list for PBXNativeTarget "DemoAppUITests" */ = {
			isa = XCConfigurationList;
			buildConfigurations = (
				CD7464DC202DCD190095CBC4 /* Debug */,
				CD7464DD202DCD190095CBC4 /* Release */,
			);
			defaultConfigurationIsVisible = 0;
			defaultConfigurationName = Release;
		};
/* End XCConfigurationList section */
	};
	rootObject = CD746489202DCCDA0095CBC4 /* Project object */;
}
